PODS:
  - FBDebug (0.0.1):
    - FBDebug/FBDebug (= 0.0.1)
    - FBRouter
  - FBDebug/FBDebug (0.0.1):
    - FBRouter
  - FBRouter (0.0.3):
    - FBRouter/FBRouter (= 0.0.3)
  - FBRouter/FBRouter (0.0.3)

DEPENDENCIES:
  - FBDebug (from `../`)
  - FBRouter (from `~/SynologyDrive/Private/FBRouter/`)

EXTERNAL SOURCES:
  FBDebug:
    :path: "../"
  FBRouter:
    :path: "~/SynologyDrive/Private/FBRouter/"

SPEC CHECKSUMS:
  FBDebug: 44436fc9ed12f8a9ae2b276a8eeb1f1d9cae75a6
  FBRouter: 375f13b01138d1df28c0f0787f281652edaa8292

PODFILE CHECKSUM: 72f4fe87cce39b26223c421b7aef7b96a5ce7a53

COCOAPODS: 1.9.3
